steps:
  - block: "Trigger browser pipeline"
    key: "trigger-browser-pipeline"

  - label: ":pipeline: Upload browser pipeline"
    depends_on: "trigger-browser-pipeline"
    agents:
      queue: macos
    timeout_in_minutes: 2
    command: buildkite-agent pipeline upload .buildkite/browser-pipeline.yml
