// !$*UTF8*$!
{
	archiveVersion = 1;
	classes = {
	};
	objectVersion = 77;
	objects = {

/* Begin PBXBuildFile section */
		DA3192AA2E0AE8B7009B1271 /* BugsnagNativeSpans.mm in Sources */ = {isa = PBXBuildFile; fileRef = DA3192A62E0AE8B7009B1271 /* BugsnagNativeSpans.mm */; };
		DA3192AB2E0AE8B7009B1271 /* BugsnagNativeSpansPlugin.mm in Sources */ = {isa = PBXBuildFile; fileRef = DA3192A82E0AE8B7009B1271 /* BugsnagNativeSpansPlugin.mm */; };
		DAADC7312E1EBBFC0085E633 /* BugsnagJavascriptSpansPlugin.mm in Sources */ = {isa = PBXBuildFile; fileRef = DAADC7302E1EBBFC0085E633 /* BugsnagJavascriptSpansPlugin.mm */; };
		DAADC7352E1EBE750085E633 /* BugsnagJavascriptSpanControlProvider.mm in Sources */ = {isa = PBXBuildFile; fileRef = DAADC7342E1EBE750085E633 /* BugsnagJavascriptSpanControlProvider.mm */; };
		DAADC73A2E1F2E080085E633 /* BugsnagJavascriptSpanControl.mm in Sources */ = {isa = PBXBuildFile; fileRef = DAADC7392E1F2E080085E633 /* BugsnagJavascriptSpanControl.mm */; };
		DAADC73C2E1F2E3B0085E633 /* BugsnagJavascriptSpanQuery.mm in Sources */ = {isa = PBXBuildFile; fileRef = DAADC73B2E1F2E3B0085E633 /* BugsnagJavascriptSpanQuery.mm */; };
/* End PBXBuildFile section */

/* Begin PBXCopyFilesBuildPhase section */
		DA3192922E0AE7D4009B1271 /* CopyFiles */ = {
			isa = PBXCopyFilesBuildPhase;
			buildActionMask = 2147483647;
			dstPath = "include/$(PRODUCT_NAME)";
			dstSubfolderSpec = 16;
			files = (
			);
			runOnlyForDeploymentPostprocessing = 0;
		};
/* End PBXCopyFilesBuildPhase section */

/* Begin PBXFileReference section */
		DA3192942E0AE7D4009B1271 /* libBugsnagNativeSpans.a */ = {isa = PBXFileReference; explicitFileType = archive.ar; includeInIndex = 0; path = libBugsnagNativeSpans.a; sourceTree = BUILT_PRODUCTS_DIR; };
		DA3192A52E0AE8B7009B1271 /* BugsnagNativeSpans.h */ = {isa = PBXFileReference; lastKnownFileType = sourcecode.c.h; path = BugsnagNativeSpans.h; sourceTree = "<group>"; };
		DA3192A62E0AE8B7009B1271 /* BugsnagNativeSpans.mm */ = {isa = PBXFileReference; lastKnownFileType = sourcecode.cpp.objcpp; path = BugsnagNativeSpans.mm; sourceTree = "<group>"; };
		DA3192A72E0AE8B7009B1271 /* BugsnagNativeSpansPlugin.h */ = {isa = PBXFileReference; lastKnownFileType = sourcecode.c.h; path = BugsnagNativeSpansPlugin.h; sourceTree = "<group>"; };
		DA3192A82E0AE8B7009B1271 /* BugsnagNativeSpansPlugin.mm */ = {isa = PBXFileReference; lastKnownFileType = sourcecode.cpp.objcpp; path = BugsnagNativeSpansPlugin.mm; sourceTree = "<group>"; };
		DA3192A92E0AE8B7009B1271 /* BugsnagNativeSpansPlugin+Private.h */ = {isa = PBXFileReference; lastKnownFileType = sourcecode.c.h; path = "BugsnagNativeSpansPlugin+Private.h"; sourceTree = "<group>"; };
		DAADC72F2E1EBB9D0085E633 /* BugsnagJavascriptSpansPlugin.h */ = {isa = PBXFileReference; lastKnownFileType = sourcecode.c.h; path = BugsnagJavascriptSpansPlugin.h; sourceTree = "<group>"; };
		DAADC7302E1EBBFC0085E633 /* BugsnagJavascriptSpansPlugin.mm */ = {isa = PBXFileReference; lastKnownFileType = sourcecode.cpp.objcpp; path = BugsnagJavascriptSpansPlugin.mm; sourceTree = "<group>"; };
		DAADC7322E1EBCA00085E633 /* BugsnagJavascriptSpansPlugin+Private.h */ = {isa = PBXFileReference; lastKnownFileType = sourcecode.c.h; path = "BugsnagJavascriptSpansPlugin+Private.h"; sourceTree = "<group>"; };
		DAADC7332E1EBE5B0085E633 /* BugsnagJavascriptSpanControlProvider.h */ = {isa = PBXFileReference; lastKnownFileType = sourcecode.c.h; path = BugsnagJavascriptSpanControlProvider.h; sourceTree = "<group>"; };
		DAADC7342E1EBE750085E633 /* BugsnagJavascriptSpanControlProvider.mm */ = {isa = PBXFileReference; lastKnownFileType = sourcecode.cpp.objcpp; path = BugsnagJavascriptSpanControlProvider.mm; sourceTree = "<group>"; };
		DAADC7372E1F2AD40085E633 /* BugsnagJavascriptSpanControl.h */ = {isa = PBXFileReference; lastKnownFileType = sourcecode.c.h; path = BugsnagJavascriptSpanControl.h; sourceTree = "<group>"; };
		DAADC7382E1F2AE80085E633 /* BugsnagJavascriptSpanQuery.h */ = {isa = PBXFileReference; lastKnownFileType = sourcecode.c.h; path = BugsnagJavascriptSpanQuery.h; sourceTree = "<group>"; };
		DAADC7392E1F2E080085E633 /* BugsnagJavascriptSpanControl.mm */ = {isa = PBXFileReference; lastKnownFileType = sourcecode.cpp.objcpp; path = BugsnagJavascriptSpanControl.mm; sourceTree = "<group>"; };
		DAADC73B2E1F2E3B0085E633 /* BugsnagJavascriptSpanQuery.mm */ = {isa = PBXFileReference; lastKnownFileType = sourcecode.cpp.objcpp; path = BugsnagJavascriptSpanQuery.mm; sourceTree = "<group>"; };
		DAADC73E2E1FF0040085E633 /* BugsnagJavascriptSpanControl+Private.h */ = {isa = PBXFileReference; lastKnownFileType = sourcecode.c.h; path = "BugsnagJavascriptSpanControl+Private.h"; sourceTree = "<group>"; };
/* End PBXFileReference section */

/* Begin PBXFrameworksBuildPhase section */
		DA3192912E0AE7D4009B1271 /* Frameworks */ = {
			isa = PBXFrameworksBuildPhase;
			buildActionMask = 2147483647;
			files = (
			);
			runOnlyForDeploymentPostprocessing = 0;
		};
/* End PBXFrameworksBuildPhase section */

/* Begin PBXGroup section */
		DA31928B2E0AE7D4009B1271 = {
			isa = PBXGroup;
			children = (
				DAADC73E2E1FF0040085E633 /* BugsnagJavascriptSpanControl+Private.h */,
				DAADC7372E1F2AD40085E633 /* BugsnagJavascriptSpanControl.h */,
				DAADC7332E1EBE5B0085E633 /* BugsnagJavascriptSpanControlProvider.h */,
				DAADC7382E1F2AE80085E633 /* BugsnagJavascriptSpanQuery.h */,
				DAADC72F2E1EBB9D0085E633 /* BugsnagJavascriptSpansPlugin.h */,
				DAADC7322E1EBCA00085E633 /* BugsnagJavascriptSpansPlugin+Private.h */,
				DA3192A52E0AE8B7009B1271 /* BugsnagNativeSpans.h */,
				DA3192A72E0AE8B7009B1271 /* BugsnagNativeSpansPlugin.h */,
				DA3192A92E0AE8B7009B1271 /* BugsnagNativeSpansPlugin+Private.h */,
				DAADC7392E1F2E080085E633 /* BugsnagJavascriptSpanControl.mm */,
				DAADC7342E1EBE750085E633 /* BugsnagJavascriptSpanControlProvider.mm */,
				DAADC73B2E1F2E3B0085E633 /* BugsnagJavascriptSpanQuery.mm */,
				DAADC7302E1EBBFC0085E633 /* BugsnagJavascriptSpansPlugin.mm */,
				DA3192A62E0AE8B7009B1271 /* BugsnagNativeSpans.mm */,
				DA3192A82E0AE8B7009B1271 /* BugsnagNativeSpansPlugin.mm */,
				DA3192952E0AE7D4009B1271 /* Products */,
			);
			sourceTree = "<group>";
		};
		DA3192952E0AE7D4009B1271 /* Products */ = {
			isa = PBXGroup;
			children = (
				DA3192942E0AE7D4009B1271 /* libBugsnagNativeSpans.a */,
			);
			name = Products;
			sourceTree = "<group>";
		};
/* End PBXGroup section */

/* Begin PBXNativeTarget section */
		DA3192932E0AE7D4009B1271 /* BugsnagNativeSpans */ = {
			isa = PBXNativeTarget;
			buildConfigurationList = DA31929E2E0AE7D4009B1271 /* Build configuration list for PBXNativeTarget "BugsnagNativeSpans" */;
			buildPhases = (
				DA3192902E0AE7D4009B1271 /* Sources */,
				DA3192912E0AE7D4009B1271 /* Frameworks */,
				DA3192922E0AE7D4009B1271 /* CopyFiles */,
			);
			buildRules = (
			);
			dependencies = (
			);
			name = BugsnagNativeSpans;
			packageProductDependencies = (
			);
			productName = BugsnagNativeSpans;
			productReference = DA3192942E0AE7D4009B1271 /* libBugsnagNativeSpans.a */;
			productType = "com.apple.product-type.library.static";
		};
/* End PBXNativeTarget section */

/* Begin PBXProject section */
		DA31928C2E0AE7D4009B1271 /* Project object */ = {
			isa = PBXProject;
			attributes = {
				BuildIndependentTargetsInParallel = 1;
				LastUpgradeCheck = 1620;
				TargetAttributes = {
					DA3192932E0AE7D4009B1271 = {
						CreatedOnToolsVersion = 16.2;
					};
				};
			};
			buildConfigurationList = DA31928F2E0AE7D4009B1271 /* Build configuration list for PBXProject "BugsnagNativeSpans" */;
			developmentRegion = en;
			hasScannedForEncodings = 0;
			knownRegions = (
				en,
				Base,
			);
			mainGroup = DA31928B2E0AE7D4009B1271;
			minimizedProjectReferenceProxies = 1;
			preferredProjectObjectVersion = 77;
			productRefGroup = DA3192952E0AE7D4009B1271 /* Products */;
			projectDirPath = "";
			projectRoot = "";
			targets = (
				DA3192932E0AE7D4009B1271 /* BugsnagNativeSpans */,
			);
		};
/* End PBXProject section */

/* Begin PBXSourcesBuildPhase section */
		DA3192902E0AE7D4009B1271 /* Sources */ = {
			isa = PBXSourcesBuildPhase;
			buildActionMask = 2147483647;
			files = (
				DAADC73A2E1F2E080085E633 /* BugsnagJavascriptSpanControl.mm in Sources */,
				DAADC7312E1EBBFC0085E633 /* BugsnagJavascriptSpansPlugin.mm in Sources */,
				DAADC7352E1EBE750085E633 /* BugsnagJavascriptSpanControlProvider.mm in Sources */,
				DAADC73C2E1F2E3B0085E633 /* BugsnagJavascriptSpanQuery.mm in Sources */,
				DA3192AA2E0AE8B7009B1271 /* BugsnagNativeSpans.mm in Sources */,
				DA3192AB2E0AE8B7009B1271 /* BugsnagNativeSpansPlugin.mm in Sources */,
			);
			runOnlyForDeploymentPostprocessing = 0;
		};
/* End PBXSourcesBuildPhase section */

/* Begin XCBuildConfiguration section */
		DA31929C2E0AE7D4009B1271 /* Debug */ = {
			isa = XCBuildConfiguration;
			buildSettings = {
				ALWAYS_SEARCH_USER_PATHS = NO;
				ASSETCATALOG_COMPILER_GENERATE_SWIFT_ASSET_SYMBOL_EXTENSIONS = YES;
				CLANG_ANALYZER_NONNULL = YES;
				CLANG_ANALYZER_NUMBER_OBJECT_CONVERSION = YES_AGGRESSIVE;
				CLANG_CXX_LANGUAGE_STANDARD = "gnu++20";
				CLANG_ENABLE_MODULES = YES;
				CLANG_ENABLE_OBJC_ARC = YES;
				CLANG_ENABLE_OBJC_WEAK = YES;
				CLANG_WARN_BLOCK_CAPTURE_AUTORELEASING = YES;
				CLANG_WARN_BOOL_CONVERSION = YES;
				CLANG_WARN_COMMA = YES;
				CLANG_WARN_CONSTANT_CONVERSION = YES;
				CLANG_WARN_DEPRECATED_OBJC_IMPLEMENTATIONS = YES;
				CLANG_WARN_DIRECT_OBJC_ISA_USAGE = YES_ERROR;
				CLANG_WARN_DOCUMENTATION_COMMENTS = YES;
				CLANG_WARN_EMPTY_BODY = YES;
				CLANG_WARN_ENUM_CONVERSION = YES;
				CLANG_WARN_INFINITE_RECURSION = YES;
				CLANG_WARN_INT_CONVERSION = YES;
				CLANG_WARN_NON_LITERAL_NULL_CONVERSION = YES;
				CLANG_WARN_OBJC_IMPLICIT_RETAIN_SELF = YES;
				CLANG_WARN_OBJC_LITERAL_CONVERSION = YES;
				CLANG_WARN_OBJC_ROOT_CLASS = YES_ERROR;
				CLANG_WARN_QUOTED_INCLUDE_IN_FRAMEWORK_HEADER = YES;
				CLANG_WARN_RANGE_LOOP_ANALYSIS = YES;
				CLANG_WARN_STRICT_PROTOTYPES = YES;
				CLANG_WARN_SUSPICIOUS_MOVE = YES;
				CLANG_WARN_UNGUARDED_AVAILABILITY = YES_AGGRESSIVE;
				CLANG_WARN_UNREACHABLE_CODE = YES;
				CLANG_WARN__DUPLICATE_METHOD_MATCH = YES;
				COPY_PHASE_STRIP = NO;
				DEBUG_INFORMATION_FORMAT = dwarf;
				ENABLE_STRICT_OBJC_MSGSEND = YES;
				ENABLE_TESTABILITY = YES;
				ENABLE_USER_SCRIPT_SANDBOXING = YES;
				GCC_C_LANGUAGE_STANDARD = gnu17;
				GCC_DYNAMIC_NO_PIC = NO;
				GCC_NO_COMMON_BLOCKS = YES;
				GCC_OPTIMIZATION_LEVEL = 0;
				GCC_PREPROCESSOR_DEFINITIONS = (
					"DEBUG=1",
					"$(inherited)",
				);
				GCC_WARN_64_TO_32_BIT_CONVERSION = YES;
				GCC_WARN_ABOUT_RETURN_TYPE = YES_ERROR;
				GCC_WARN_UNDECLARED_SELECTOR = YES;
				GCC_WARN_UNINITIALIZED_AUTOS = YES_AGGRESSIVE;
				GCC_WARN_UNUSED_FUNCTION = YES;
				GCC_WARN_UNUSED_VARIABLE = YES;
				IPHONEOS_DEPLOYMENT_TARGET = 18.2;
				LOCALIZATION_PREFERS_STRING_CATALOGS = YES;
				MTL_ENABLE_DEBUG_INFO = INCLUDE_SOURCE;
				MTL_FAST_MATH = YES;
				ONLY_ACTIVE_ARCH = YES;
				SDKROOT = iphoneos;
			};
			name = Debug;
		};
		DA31929D2E0AE7D4009B1271 /* Release */ = {
			isa = XCBuildConfiguration;
			buildSettings = {
				ALWAYS_SEARCH_USER_PATHS = NO;
				ASSETCATALOG_COMPILER_GENERATE_SWIFT_ASSET_SYMBOL_EXTENSIONS = YES;
				CLANG_ANALYZER_NONNULL = YES;
				CLANG_ANALYZER_NUMBER_OBJECT_CONVERSION = YES_AGGRESSIVE;
				CLANG_CXX_LANGUAGE_STANDARD = "gnu++20";
				CLANG_ENABLE_MODULES = YES;
				CLANG_ENABLE_OBJC_ARC = YES;
				CLANG_ENABLE_OBJC_WEAK = YES;
				CLANG_WARN_BLOCK_CAPTURE_AUTORELEASING = YES;
				CLANG_WARN_BOOL_CONVERSION = YES;
				CLANG_WARN_COMMA = YES;
				CLANG_WARN_CONSTANT_CONVERSION = YES;
				CLANG_WARN_DEPRECATED_OBJC_IMPLEMENTATIONS = YES;
				CLANG_WARN_DIRECT_OBJC_ISA_USAGE = YES_ERROR;
				CLANG_WARN_DOCUMENTATION_COMMENTS = YES;
				CLANG_WARN_EMPTY_BODY = YES;
				CLANG_WARN_ENUM_CONVERSION = YES;
				CLANG_WARN_INFINITE_RECURSION = YES;
				CLANG_WARN_INT_CONVERSION = YES;
				CLANG_WARN_NON_LITERAL_NULL_CONVERSION = YES;
				CLANG_WARN_OBJC_IMPLICIT_RETAIN_SELF = YES;
				CLANG_WARN_OBJC_LITERAL_CONVERSION = YES;
				CLANG_WARN_OBJC_ROOT_CLASS = YES_ERROR;
				CLANG_WARN_QUOTED_INCLUDE_IN_FRAMEWORK_HEADER = YES;
				CLANG_WARN_RANGE_LOOP_ANALYSIS = YES;
				CLANG_WARN_STRICT_PROTOTYPES = YES;
				CLANG_WARN_SUSPICIOUS_MOVE = YES;
				CLANG_WARN_UNGUARDED_AVAILABILITY = YES_AGGRESSIVE;
				CLANG_WARN_UNREACHABLE_CODE = YES;
				CLANG_WARN__DUPLICATE_METHOD_MATCH = YES;
				COPY_PHASE_STRIP = NO;
				DEBUG_INFORMATION_FORMAT = "dwarf-with-dsym";
				ENABLE_NS_ASSERTIONS = NO;
				ENABLE_STRICT_OBJC_MSGSEND = YES;
				ENABLE_USER_SCRIPT_SANDBOXING = YES;
				GCC_C_LANGUAGE_STANDARD = gnu17;
				GCC_NO_COMMON_BLOCKS = YES;
				GCC_WARN_64_TO_32_BIT_CONVERSION = YES;
				GCC_WARN_ABOUT_RETURN_TYPE = YES_ERROR;
				GCC_WARN_UNDECLARED_SELECTOR = YES;
				GCC_WARN_UNINITIALIZED_AUTOS = YES_AGGRESSIVE;
				GCC_WARN_UNUSED_FUNCTION = YES;
				GCC_WARN_UNUSED_VARIABLE = YES;
				IPHONEOS_DEPLOYMENT_TARGET = 18.2;
				LOCALIZATION_PREFERS_STRING_CATALOGS = YES;
				MTL_ENABLE_DEBUG_INFO = NO;
				MTL_FAST_MATH = YES;
				SDKROOT = iphoneos;
				VALIDATE_PRODUCT = YES;
			};
			name = Release;
		};
		DA31929F2E0AE7D4009B1271 /* Debug */ = {
			isa = XCBuildConfiguration;
			buildSettings = {
				CODE_SIGN_STYLE = Automatic;
				OTHER_LDFLAGS = "-ObjC";
				PRODUCT_NAME = "$(TARGET_NAME)";
				SKIP_INSTALL = YES;
				TARGETED_DEVICE_FAMILY = "1,2";
			};
			name = Debug;
		};
		DA3192A02E0AE7D4009B1271 /* Release */ = {
			isa = XCBuildConfiguration;
			buildSettings = {
				CODE_SIGN_STYLE = Automatic;
				OTHER_LDFLAGS = "-ObjC";
				PRODUCT_NAME = "$(TARGET_NAME)";
				SKIP_INSTALL = YES;
				TARGETED_DEVICE_FAMILY = "1,2";
			};
			name = Release;
		};
/* End XCBuildConfiguration section */

/* Begin XCConfigurationList section */
		DA31928F2E0AE7D4009B1271 /* Build configuration list for PBXProject "BugsnagNativeSpans" */ = {
			isa = XCConfigurationList;
			buildConfigurations = (
				DA31929C2E0AE7D4009B1271 /* Debug */,
				DA31929D2E0AE7D4009B1271 /* Release */,
			);
			defaultConfigurationIsVisible = 0;
			defaultConfigurationName = Release;
		};
		DA31929E2E0AE7D4009B1271 /* Build configuration list for PBXNativeTarget "BugsnagNativeSpans" */ = {
			isa = XCConfigurationList;
			buildConfigurations = (
				DA31929F2E0AE7D4009B1271 /* Debug */,
				DA3192A02E0AE7D4009B1271 /* Release */,
			);
			defaultConfigurationIsVisible = 0;
			defaultConfigurationName = Release;
		};
/* End XCConfigurationList section */
	};
	rootObject = DA31928C2E0AE7D4009B1271 /* Project object */;
}
